langcode: en
status: true
dependencies:
  content:
    - 'file:file:18e20c25-b84c-4418-ab3a-1f29e8eb7c46'
id: plugin_block
label: 'Embedded block'
icon_uuid: 18e20c25-b84c-4418-ab3a-1f29e8eb7c46
icon_default: 'data:image/svg+xml;base64,PHN2ZyBoZWlnaHQ9IjI0IiB2aWV3Qm94PSIwIDAgMjQgMjQiIHdpZHRoPSIyNCIgeG1sbnM9Imh0dHA6Ly93d3cudzMub3JnLzIwMDAvc3ZnIj48ZyBmaWxsPSIjMDA3MmJmIiBmaWxsLXJ1bGU9ImV2ZW5vZGQiPjxwYXRoIGQ9Im0yMiAzYzEuMTA0NTY5NSAwIDIgLjg5NTQzMDUgMiAydjE4YzAgLjUxMjgzNTgtLjM4NjA0MDIuOTM1NTA3Mi0uODgzMzc4OS45OTMyNzIzbC0uMTE2NjIxMS4wMDY3Mjc3aC0xOGMtMS4xMDQ1Njk1IDAtMi0uODk1NDMwNS0yLTJoMTl6bS0zLTNjMS4xMDQ1Njk1IDAgMiAuODk1NDMwNSAyIDJ2MTdjMCAxLjEwNDU2OTUtLjg5NTQzMDUgMi0yIDJoLTE3Yy0xLjEwNDU2OTUgMC0yLS44OTU0MzA1LTItMnYtMTdjMC0xLjEwNDU2OTUuODk1NDMwNS0yIDItMnptLS41IDJoLTE2Yy0uMjQ1NDU5ODkgMC0uNDQ5NjA4MzcuMTc2ODc1MTYtLjQ5MTk0NDMzLjQxMDEyNDM3bC0uMDA4MDU1NjcuMDg5ODc1NjN2MTZjMCAuMjQ1NDU5OS4xNzY4NzUxNi40NDk2MDg0LjQxMDEyNDM3LjQ5MTk0NDNsLjA4OTg3NTYzLjAwODA1NTdoMTZjLjI0NTQ1OTkgMCAuNDQ5NjA4NC0uMTc2ODc1Mi40OTE5NDQzLS40MTAxMjQ0bC4wMDgwNTU3LS4wODk4NzU2di0xNmMwLS4yNzYxNDIzNy0uMjIzODU3Ni0uNS0uNS0uNXoiLz48Y2lyY2xlIGN4PSIxMC41IiBjeT0iMTAuNSIgcj0iNC41Ii8+PC9nPjwvc3ZnPg=='
description: 'Embed a block into the page.'
behavior_plugins: {  }
